
Microsoft Visual Studio Solution File, Format Version 12.00
# Visual Studio Version 16
VisualStudioVersion = 16.0.30114.105
MinimumVisualStudioVersion = 10.0.40219.1
Project("{FAE04EC0-301F-11D3-BF4B-00C04F79EFBC}") = "backtotechtesting.consoleapp", "backtotechtesting.consoleapp\backtotechtesting.consoleapp.csproj", "{B0178928-C057-4A62-A15E-E09DC5E65773}"
EndProject
Global
	GlobalSection(SolutionConfigurationPlatforms) = preSolution
		Debug|Any CPU = Debug|Any CPU
		Release|Any CPU = Release|Any CPU
	EndGlobalSection
	GlobalSection(ProjectConfigurationPlatforms) = postSolution
		{B0178928-C057-4A62-A15E-E09DC5E65773}.Debug|Any CPU.ActiveCfg = Debug|Any CPU
		{B0178928-C057-4A62-A15E-E09DC5E65773}.Debug|Any CPU.Build.0 = Debug|Any CPU
		{B0178928-C057-4A62-A15E-E09DC5E65773}.Release|Any CPU.ActiveCfg = Release|Any CPU
		{B0178928-C057-4A62-A15E-E09DC5E65773}.Release|Any CPU.Build.0 = Release|Any CPU
	EndGlobalSection
	GlobalSection(SolutionProperties) = preSolution
		HideSolutionNode = FALSE
	EndGlobalSection
	GlobalSection(ExtensibilityGlobals) = postSolution
		SolutionGuid = {EF88EB18-D3FB-4AEC-A138-FDC5652C054F}
	EndGlobalSection
EndGlobal
